// !$*UTF8*$!
{
	archiveVersion = 1;
	classes = {
	};
	objectVersion = 50;
	objects = {

/* Begin PBXBuildFile section */
		52041AE226447470004DA937 /* QuestionState.swift in Sources */ = {isa = PBXBuildFile; fileRef = 52041AE126447470004DA937 /* QuestionState.swift */; };
		52041AE426449EBB004DA937 /* QuizResultViewController.swift in Sources */ = {isa = PBXBuildFile; fileRef = 52041AE326449EBB004DA937 /* QuizResultViewController.swift */; };
		524EBD0226456C35009B6227 /* SettingsViewController.swift in Sources */ = {isa = PBXBuildFile; fileRef = 524EBD0126456C35009B6227 /* SettingsViewController.swift */; };
		524EBD0826459656009B6227 /* CustomTabBarController.swift in Sources */ = {isa = PBXBuildFile; fileRef = 524EBD0726459656009B6227 /* CustomTabBarController.swift */; };
		52800B762622629100C3B6DD /* QuizHeaderView.swift in Sources */ = {isa = PBXBuildFile; fileRef = 52800B752622629100C3B6DD /* QuizHeaderView.swift */; };
		529B38DD261F8BCB00266A6D /* AppDelegate.swift in Sources */ = {isa = PBXBuildFile; fileRef = 529B38DC261F8BCB00266A6D /* AppDelegate.swift */; };
		529B38DF261F8BCB00266A6D /* SceneDelegate.swift in Sources */ = {isa = PBXBuildFile; fileRef = 529B38DE261F8BCB00266A6D /* SceneDelegate.swift */; };
		529B38E1261F8BCB00266A6D /* ViewController.swift in Sources */ = {isa = PBXBuildFile; fileRef = 529B38E0261F8BCB00266A6D /* ViewController.swift */; };
		529B38E6261F8BD500266A6D /* Assets.xcassets in Resources */ = {isa = PBXBuildFile; fileRef = 529B38E5261F8BD500266A6D /* Assets.xcassets */; };
		529B38E9261F8BD500266A6D /* LaunchScreen.storyboard in Resources */ = {isa = PBXBuildFile; fileRef = 529B38E7261F8BD500266A6D /* LaunchScreen.storyboard */; };
		529F5722261FCF1700418388 /* LoginViewController.swift in Sources */ = {isa = PBXBuildFile; fileRef = 529F5721261FCF1700418388 /* LoginViewController.swift */; };
		52A7BB312641FCB500847FB7 /* CollectionDisplay.swift in Sources */ = {isa = PBXBuildFile; fileRef = 52A7BB302641FCB500847FB7 /* CollectionDisplay.swift */; };
		52AC91D92620A9DC001C8C81 /* SourceSansPro-SemiBold.ttf in Resources */ = {isa = PBXBuildFile; fileRef = 52AC91D72620A9DC001C8C81 /* SourceSansPro-SemiBold.ttf */; };
		52AC91DA2620A9DC001C8C81 /* SourceSansPro-Regular.ttf in Resources */ = {isa = PBXBuildFile; fileRef = 52AC91D82620A9DC001C8C81 /* SourceSansPro-Regular.ttf */; };
		52AC91DC2620AAAB001C8C81 /* SourceSansPro-Bold.ttf in Resources */ = {isa = PBXBuildFile; fileRef = 52AC91DB2620AAAB001C8C81 /* SourceSansPro-Bold.ttf */; };
		52AC92012620CBC7001C8C81 /* DataService.swift in Sources */ = {isa = PBXBuildFile; fileRef = 52AC91FA2620CBC7001C8C81 /* DataService.swift */; };
		52AC92022620CBC7001C8C81 /* QuizCategory.swift in Sources */ = {isa = PBXBuildFile; fileRef = 52AC91FC2620CBC7001C8C81 /* QuizCategory.swift */; };
		52AC92032620CBC7001C8C81 /* Question.swift in Sources */ = {isa = PBXBuildFile; fileRef = 52AC91FD2620CBC7001C8C81 /* Question.swift */; };
		52AC92042620CBC7001C8C81 /* LoginStatus.swift in Sources */ = {isa = PBXBuildFile; fileRef = 52AC91FE2620CBC7001C8C81 /* LoginStatus.swift */; };
		52AC92052620CBC7001C8C81 /* Quiz.swift in Sources */ = {isa = PBXBuildFile; fileRef = 52AC91FF2620CBC7001C8C81 /* Quiz.swift */; };
		52AC92062620CBC7001C8C81 /* DataServiceProtocol.swift in Sources */ = {isa = PBXBuildFile; fileRef = 52AC92002620CBC7001C8C81 /* DataServiceProtocol.swift */; };
		52AC920826210B03001C8C81 /* QuizzesViewController.swift in Sources */ = {isa = PBXBuildFile; fileRef = 52AC920726210B03001C8C81 /* QuizzesViewController.swift */; };
		52AC920A262131A9001C8C81 /* QuizzesViewCell.swift in Sources */ = {isa = PBXBuildFile; fileRef = 52AC9209262131A9001C8C81 /* QuizzesViewCell.swift */; };
		52AFFC0526434DB800148C1F /* QuizViewController.swift in Sources */ = {isa = PBXBuildFile; fileRef = 52AFFC0426434DB800148C1F /* QuizViewController.swift */; };
		52AFFC0726434FE600148C1F /* QuestionTrackerView.swift in Sources */ = {isa = PBXBuildFile; fileRef = 52AFFC0626434FE600148C1F /* QuestionTrackerView.swift */; };
		8B701F925E71C29F25A892D3 /* Pods_QuizApp.framework in Frameworks */ = {isa = PBXBuildFile; fileRef = D9F29037085B3CFA16FA1E3F /* Pods_QuizApp.framework */; };
/* End PBXBuildFile section */

/* Begin PBXFileReference section */
		0A4B0852BD2CF10256AFCD38 /* Pods-QuizApp.release.xcconfig */ = {isa = PBXFileReference; includeInIndex = 1; lastKnownFileType = text.xcconfig; name = "Pods-QuizApp.release.xcconfig"; path = "Target Support Files/Pods-QuizApp/Pods-QuizApp.release.xcconfig"; sourceTree = "<group>"; };
		52041AE126447470004DA937 /* QuestionState.swift */ = {isa = PBXFileReference; lastKnownFileType = sourcecode.swift; path = QuestionState.swift; sourceTree = "<group>"; };
		52041AE326449EBB004DA937 /* QuizResultViewController.swift */ = {isa = PBXFileReference; lastKnownFileType = sourcecode.swift; path = QuizResultViewController.swift; sourceTree = "<group>"; };
		524EBD0126456C35009B6227 /* SettingsViewController.swift */ = {isa = PBXFileReference; lastKnownFileType = sourcecode.swift; path = SettingsViewController.swift; sourceTree = "<group>"; };
		524EBD0726459656009B6227 /* CustomTabBarController.swift */ = {isa = PBXFileReference; lastKnownFileType = sourcecode.swift; path = CustomTabBarController.swift; sourceTree = "<group>"; };
		52800B752622629100C3B6DD /* QuizHeaderView.swift */ = {isa = PBXFileReference; lastKnownFileType = sourcecode.swift; path = QuizHeaderView.swift; sourceTree = "<group>"; };
		529B38D9261F8BCB00266A6D /* QuizApp.app */ = {isa = PBXFileReference; explicitFileType = wrapper.application; includeInIndex = 0; path = QuizApp.app; sourceTree = BUILT_PRODUCTS_DIR; };
		529B38DC261F8BCB00266A6D /* AppDelegate.swift */ = {isa = PBXFileReference; lastKnownFileType = sourcecode.swift; path = AppDelegate.swift; sourceTree = "<group>"; };
		529B38DE261F8BCB00266A6D /* SceneDelegate.swift */ = {isa = PBXFileReference; lastKnownFileType = sourcecode.swift; path = SceneDelegate.swift; sourceTree = "<group>"; };
		529B38E0261F8BCB00266A6D /* ViewController.swift */ = {isa = PBXFileReference; lastKnownFileType = sourcecode.swift; path = ViewController.swift; sourceTree = "<group>"; };
		529B38E5261F8BD500266A6D /* Assets.xcassets */ = {isa = PBXFileReference; lastKnownFileType = folder.assetcatalog; path = Assets.xcassets; sourceTree = "<group>"; };
		529B38E8261F8BD500266A6D /* Base */ = {isa = PBXFileReference; lastKnownFileType = file.storyboard; name = Base; path = Base.lproj/LaunchScreen.storyboard; sourceTree = "<group>"; };
		529B38EA261F8BD500266A6D /* Info.plist */ = {isa = PBXFileReference; lastKnownFileType = text.plist.xml; path = Info.plist; sourceTree = "<group>"; };
		529F5721261FCF1700418388 /* LoginViewController.swift */ = {isa = PBXFileReference; lastKnownFileType = sourcecode.swift; path = LoginViewController.swift; sourceTree = "<group>"; };
		52A7BB302641FCB500847FB7 /* CollectionDisplay.swift */ = {isa = PBXFileReference; lastKnownFileType = sourcecode.swift; path = CollectionDisplay.swift; sourceTree = "<group>"; };
		52AC91D72620A9DC001C8C81 /* SourceSansPro-SemiBold.ttf */ = {isa = PBXFileReference; lastKnownFileType = file; path = "SourceSansPro-SemiBold.ttf"; sourceTree = "<group>"; };
		52AC91D82620A9DC001C8C81 /* SourceSansPro-Regular.ttf */ = {isa = PBXFileReference; lastKnownFileType = file; path = "SourceSansPro-Regular.ttf"; sourceTree = "<group>"; };
		52AC91DB2620AAAB001C8C81 /* SourceSansPro-Bold.ttf */ = {isa = PBXFileReference; lastKnownFileType = file; path = "SourceSansPro-Bold.ttf"; sourceTree = "<group>"; };
		52AC91FA2620CBC7001C8C81 /* DataService.swift */ = {isa = PBXFileReference; fileEncoding = 4; lastKnownFileType = sourcecode.swift; path = DataService.swift; sourceTree = "<group>"; };
		52AC91FC2620CBC7001C8C81 /* QuizCategory.swift */ = {isa = PBXFileReference; fileEncoding = 4; lastKnownFileType = sourcecode.swift; path = QuizCategory.swift; sourceTree = "<group>"; };
		52AC91FD2620CBC7001C8C81 /* Question.swift */ = {isa = PBXFileReference; fileEncoding = 4; lastKnownFileType = sourcecode.swift; path = Question.swift; sourceTree = "<group>"; };
		52AC91FE2620CBC7001C8C81 /* LoginStatus.swift */ = {isa = PBXFileReference; fileEncoding = 4; lastKnownFileType = sourcecode.swift; path = LoginStatus.swift; sourceTree = "<group>"; };
		52AC91FF2620CBC7001C8C81 /* Quiz.swift */ = {isa = PBXFileReference; fileEncoding = 4; lastKnownFileType = sourcecode.swift; path = Quiz.swift; sourceTree = "<group>"; };
		52AC92002620CBC7001C8C81 /* DataServiceProtocol.swift */ = {isa = PBXFileReference; fileEncoding = 4; lastKnownFileType = sourcecode.swift; path = DataServiceProtocol.swift; sourceTree = "<group>"; };
		52AC920726210B03001C8C81 /* QuizzesViewController.swift */ = {isa = PBXFileReference; lastKnownFileType = sourcecode.swift; path = QuizzesViewController.swift; sourceTree = "<group>"; };
		52AC9209262131A9001C8C81 /* QuizzesViewCell.swift */ = {isa = PBXFileReference; lastKnownFileType = sourcecode.swift; path = QuizzesViewCell.swift; sourceTree = "<group>"; };
		52AFFC0426434DB800148C1F /* QuizViewController.swift */ = {isa = PBXFileReference; lastKnownFileType = sourcecode.swift; path = QuizViewController.swift; sourceTree = "<group>"; };
		52AFFC0626434FE600148C1F /* QuestionTrackerView.swift */ = {isa = PBXFileReference; lastKnownFileType = sourcecode.swift; path = QuestionTrackerView.swift; sourceTree = "<group>"; };
		AA1AE89B6D99BBBE3F0EBA84 /* Pods-QuizApp.debug.xcconfig */ = {isa = PBXFileReference; includeInIndex = 1; lastKnownFileType = text.xcconfig; name = "Pods-QuizApp.debug.xcconfig"; path = "Target Support Files/Pods-QuizApp/Pods-QuizApp.debug.xcconfig"; sourceTree = "<group>"; };
		D9F29037085B3CFA16FA1E3F /* Pods_QuizApp.framework */ = {isa = PBXFileReference; explicitFileType = wrapper.framework; includeInIndex = 0; path = Pods_QuizApp.framework; sourceTree = BUILT_PRODUCTS_DIR; };
/* End PBXFileReference section */

/* Begin PBXFrameworksBuildPhase section */
		529B38D6261F8BCA00266A6D /* Frameworks */ = {
			isa = PBXFrameworksBuildPhase;
			buildActionMask = 2147483647;
			files = (
				8B701F925E71C29F25A892D3 /* Pods_QuizApp.framework in Frameworks */,
			);
			runOnlyForDeploymentPostprocessing = 0;
		};
/* End PBXFrameworksBuildPhase section */

/* Begin PBXGroup section */
		26207AB6F4CAA8FB0AC88A5D /* Pods */ = {
			isa = PBXGroup;
			children = (
				AA1AE89B6D99BBBE3F0EBA84 /* Pods-QuizApp.debug.xcconfig */,
				0A4B0852BD2CF10256AFCD38 /* Pods-QuizApp.release.xcconfig */,
			);
			path = Pods;
			sourceTree = "<group>";
		};
		529B38D0261F8BCA00266A6D = {
			isa = PBXGroup;
			children = (
				529B38DB261F8BCB00266A6D /* QuizApp */,
				529B38DA261F8BCB00266A6D /* Products */,
				26207AB6F4CAA8FB0AC88A5D /* Pods */,
				EC8BA011CEEFDBF2631D40BB /* Frameworks */,
			);
			sourceTree = "<group>";
		};
		529B38DA261F8BCB00266A6D /* Products */ = {
			isa = PBXGroup;
			children = (
				529B38D9261F8BCB00266A6D /* QuizApp.app */,
			);
			name = Products;
			sourceTree = "<group>";
		};
		529B38DB261F8BCB00266A6D /* QuizApp */ = {
			isa = PBXGroup;
			children = (
				52AC91F92620CBC7001C8C81 /* Data */,
				52AC91D62620A889001C8C81 /* fonts */,
				529B38DC261F8BCB00266A6D /* AppDelegate.swift */,
				529B38DE261F8BCB00266A6D /* SceneDelegate.swift */,
				529B38E0261F8BCB00266A6D /* ViewController.swift */,
				529B38E5261F8BD500266A6D /* Assets.xcassets */,
				529B38E7261F8BD500266A6D /* LaunchScreen.storyboard */,
				529B38EA261F8BD500266A6D /* Info.plist */,
				529F5721261FCF1700418388 /* LoginViewController.swift */,
				52AC920726210B03001C8C81 /* QuizzesViewController.swift */,
				52AC9209262131A9001C8C81 /* QuizzesViewCell.swift */,
				52800B752622629100C3B6DD /* QuizHeaderView.swift */,
				52A7BB302641FCB500847FB7 /* CollectionDisplay.swift */,
				52AFFC0426434DB800148C1F /* QuizViewController.swift */,
				52AFFC0626434FE600148C1F /* QuestionTrackerView.swift */,
				52041AE126447470004DA937 /* QuestionState.swift */,
				52041AE326449EBB004DA937 /* QuizResultViewController.swift */,
				524EBD0126456C35009B6227 /* SettingsViewController.swift */,
				524EBD0726459656009B6227 /* CustomTabBarController.swift */,
			);
			path = QuizApp;
			sourceTree = "<group>";
		};
		52AC91D62620A889001C8C81 /* fonts */ = {
			isa = PBXGroup;
			children = (
				52AC91DB2620AAAB001C8C81 /* SourceSansPro-Bold.ttf */,
				52AC91D82620A9DC001C8C81 /* SourceSansPro-Regular.ttf */,
				52AC91D72620A9DC001C8C81 /* SourceSansPro-SemiBold.ttf */,
			);
			path = fonts;
			sourceTree = "<group>";
		};
		52AC91F92620CBC7001C8C81 /* Data */ = {
			isa = PBXGroup;
			children = (
				52AC91FA2620CBC7001C8C81 /* DataService.swift */,
				52AC91FB2620CBC7001C8C81 /* Models */,
				52AC92002620CBC7001C8C81 /* DataServiceProtocol.swift */,
			);
			path = Data;
			sourceTree = "<group>";
		};
		52AC91FB2620CBC7001C8C81 /* Models */ = {
			isa = PBXGroup;
			children = (
				52AC91FC2620CBC7001C8C81 /* QuizCategory.swift */,
				52AC91FD2620CBC7001C8C81 /* Question.swift */,
				52AC91FE2620CBC7001C8C81 /* LoginStatus.swift */,
				52AC91FF2620CBC7001C8C81 /* Quiz.swift */,
			);
			path = Models;
			sourceTree = "<group>";
		};
		EC8BA011CEEFDBF2631D40BB /* Frameworks */ = {
			isa = PBXGroup;
			children = (
				D9F29037085B3CFA16FA1E3F /* Pods_QuizApp.framework */,
			);
			name = Frameworks;
			sourceTree = "<group>";
		};
/* End PBXGroup section */

/* Begin PBXNativeTarget section */
		529B38D8261F8BCA00266A6D /* QuizApp */ = {
			isa = PBXNativeTarget;
			buildConfigurationList = 529B38ED261F8BD500266A6D /* Build configuration list for PBXNativeTarget "QuizApp" */;
			buildPhases = (
				9E71E2AC63525C1334211575 /* [CP] Check Pods Manifest.lock */,
				529B38D5261F8BCA00266A6D /* Sources */,
				529B38D6261F8BCA00266A6D /* Frameworks */,
				529B38D7261F8BCA00266A6D /* Resources */,
			);
			buildRules = (
			);
			dependencies = (
			);
			name = QuizApp;
			productName = QuizApp;
			productReference = 529B38D9261F8BCB00266A6D /* QuizApp.app */;
			productType = "com.apple.product-type.application";
		};
/* End PBXNativeTarget section */

/* Begin PBXProject section */
		529B38D1261F8BCA00266A6D /* Project object */ = {
			isa = PBXProject;
			attributes = {
				LastSwiftUpdateCheck = 1130;
				LastUpgradeCheck = 1130;
				ORGANIZATIONNAME = five;
				TargetAttributes = {
					529B38D8261F8BCA00266A6D = {
						CreatedOnToolsVersion = 11.3.1;
					};
				};
			};
			buildConfigurationList = 529B38D4261F8BCA00266A6D /* Build configuration list for PBXProject "QuizApp" */;
			compatibilityVersion = "Xcode 9.3";
			developmentRegion = en;
			hasScannedForEncodings = 0;
			knownRegions = (
				en,
				Base,
			);
			mainGroup = 529B38D0261F8BCA00266A6D;
			productRefGroup = 529B38DA261F8BCB00266A6D /* Products */;
			projectDirPath = "";
			projectRoot = "";
			targets = (
				529B38D8261F8BCA00266A6D /* QuizApp */,
			);
		};
/* End PBXProject section */

/* Begin PBXResourcesBuildPhase section */
		529B38D7261F8BCA00266A6D /* Resources */ = {
			isa = PBXResourcesBuildPhase;
			buildActionMask = 2147483647;
			files = (
				52AC91DA2620A9DC001C8C81 /* SourceSansPro-Regular.ttf in Resources */,
				529B38E9261F8BD500266A6D /* LaunchScreen.storyboard in Resources */,
				52AC91D92620A9DC001C8C81 /* SourceSansPro-SemiBold.ttf in Resources */,
				529B38E6261F8BD500266A6D /* Assets.xcassets in Resources */,
				52AC91DC2620AAAB001C8C81 /* SourceSansPro-Bold.ttf in Resources */,
			);
			runOnlyForDeploymentPostprocessing = 0;
		};
/* End PBXResourcesBuildPhase section */

/* Begin PBXShellScriptBuildPhase section */
		9E71E2AC63525C1334211575 /* [CP] Check Pods Manifest.lock */ = {
			isa = PBXShellScriptBuildPhase;
			buildActionMask = 2147483647;
			files = (
			);
			inputFileListPaths = (
			);
			inputPaths = (
				"${PODS_PODFILE_DIR_PATH}/Podfile.lock",
				"${PODS_ROOT}/Manifest.lock",
			);
			name = "[CP] Check Pods Manifest.lock";
			outputFileListPaths = (
			);
			outputPaths = (
				"$(DERIVED_FILE_DIR)/Pods-QuizApp-checkManifestLockResult.txt",
			);
			runOnlyForDeploymentPostprocessing = 0;
			shellPath = /bin/sh;
			shellScript = "diff \"${PODS_PODFILE_DIR_PATH}/Podfile.lock\" \"${PODS_ROOT}/Manifest.lock\" > /dev/null\nif [ $? != 0 ] ; then\n    # print error to STDERR\n    echo \"error: The sandbox is not in sync with the Podfile.lock. Run 'pod install' or update your CocoaPods installation.\" >&2\n    exit 1\nfi\n# This output is used by Xcode 'outputs' to avoid re-running this script phase.\necho \"SUCCESS\" > \"${SCRIPT_OUTPUT_FILE_0}\"\n";
			showEnvVarsInLog = 0;
		};
/* End PBXShellScriptBuildPhase section */

/* Begin PBXSourcesBuildPhase section */
		529B38D5261F8BCA00266A6D /* Sources */ = {
			isa = PBXSourcesBuildPhase;
			buildActionMask = 2147483647;
			files = (
				529F5722261FCF1700418388 /* LoginViewController.swift in Sources */,
				52041AE226447470004DA937 /* QuestionState.swift in Sources */,
				524EBD0826459656009B6227 /* CustomTabBarController.swift in Sources */,
				52AC92042620CBC7001C8C81 /* LoginStatus.swift in Sources */,
				52A7BB312641FCB500847FB7 /* CollectionDisplay.swift in Sources */,
				52AFFC0726434FE600148C1F /* QuestionTrackerView.swift in Sources */,
				524EBD0226456C35009B6227 /* SettingsViewController.swift in Sources */,
				52AC920A262131A9001C8C81 /* QuizzesViewCell.swift in Sources */,
				529B38E1261F8BCB00266A6D /* ViewController.swift in Sources */,
				52AC92022620CBC7001C8C81 /* QuizCategory.swift in Sources */,
				52041AE426449EBB004DA937 /* QuizResultViewController.swift in Sources */,
				52AFFC0526434DB800148C1F /* QuizViewController.swift in Sources */,
				529B38DD261F8BCB00266A6D /* AppDelegate.swift in Sources */,
				52AC920826210B03001C8C81 /* QuizzesViewController.swift in Sources */,
				52AC92062620CBC7001C8C81 /* DataServiceProtocol.swift in Sources */,
				529B38DF261F8BCB00266A6D /* SceneDelegate.swift in Sources */,
				52800B762622629100C3B6DD /* QuizHeaderView.swift in Sources */,
				52AC92032620CBC7001C8C81 /* Question.swift in Sources */,
				52AC92012620CBC7001C8C81 /* DataService.swift in Sources */,
				52AC92052620CBC7001C8C81 /* Quiz.swift in Sources */,
			);
			runOnlyForDeploymentPostprocessing = 0;
		};
/* End PBXSourcesBuildPhase section */

/* Begin PBXVariantGroup section */
		529B38E7261F8BD500266A6D /* LaunchScreen.storyboard */ = {
			isa = PBXVariantGroup;
			children = (
				529B38E8261F8BD500266A6D /* Base */,
			);
			name = LaunchScreen.storyboard;
			sourceTree = "<group>";
		};
/* End PBXVariantGroup section */

/* Begin XCBuildConfiguration section */
		529B38EB261F8BD500266A6D /* Debug */ = {
			isa = XCBuildConfiguration;
			buildSettings = {
				ALWAYS_SEARCH_USER_PATHS = NO;
				CLANG_ANALYZER_NONNULL = YES;
				CLANG_ANALYZER_NUMBER_OBJECT_CONVERSION = YES_AGGRESSIVE;
				CLANG_CXX_LANGUAGE_STANDARD = "gnu++14";
				CLANG_CXX_LIBRARY = "libc++";
				CLANG_ENABLE_MODULES = YES;
				CLANG_ENABLE_OBJC_ARC = YES;
				CLANG_ENABLE_OBJC_WEAK = YES;
				CLANG_WARN_BLOCK_CAPTURE_AUTORELEASING = YES;
				CLANG_WARN_BOOL_CONVERSION = YES;
				CLANG_WARN_COMMA = YES;
				CLANG_WARN_CONSTANT_CONVERSION = YES;
				CLANG_WARN_DEPRECATED_OBJC_IMPLEMENTATIONS = YES;
				CLANG_WARN_DIRECT_OBJC_ISA_USAGE = YES_ERROR;
				CLANG_WARN_DOCUMENTATION_COMMENTS = YES;
				CLANG_WARN_EMPTY_BODY = YES;
				CLANG_WARN_ENUM_CONVERSION = YES;
				CLANG_WARN_INFINITE_RECURSION = YES;
				CLANG_WARN_INT_CONVERSION = YES;
				CLANG_WARN_NON_LITERAL_NULL_CONVERSION = YES;
				CLANG_WARN_OBJC_IMPLICIT_RETAIN_SELF = YES;
				CLANG_WARN_OBJC_LITERAL_CONVERSION = YES;
				CLANG_WARN_OBJC_ROOT_CLASS = YES_ERROR;
				CLANG_WARN_RANGE_LOOP_ANALYSIS = YES;
				CLANG_WARN_STRICT_PROTOTYPES = YES;
				CLANG_WARN_SUSPICIOUS_MOVE = YES;
				CLANG_WARN_UNGUARDED_AVAILABILITY = YES_AGGRESSIVE;
				CLANG_WARN_UNREACHABLE_CODE = YES;
				CLANG_WARN__DUPLICATE_METHOD_MATCH = YES;
				COPY_PHASE_STRIP = NO;
				DEBUG_INFORMATION_FORMAT = dwarf;
				ENABLE_STRICT_OBJC_MSGSEND = YES;
				ENABLE_TESTABILITY = YES;
				GCC_C_LANGUAGE_STANDARD = gnu11;
				GCC_DYNAMIC_NO_PIC = NO;
				GCC_NO_COMMON_BLOCKS = YES;
				GCC_OPTIMIZATION_LEVEL = 0;
				GCC_PREPROCESSOR_DEFINITIONS = (
					"DEBUG=1",
					"$(inherited)",
				);
				GCC_WARN_64_TO_32_BIT_CONVERSION = YES;
				GCC_WARN_ABOUT_RETURN_TYPE = YES_ERROR;
				GCC_WARN_UNDECLARED_SELECTOR = YES;
				GCC_WARN_UNINITIALIZED_AUTOS = YES_AGGRESSIVE;
				GCC_WARN_UNUSED_FUNCTION = YES;
				GCC_WARN_UNUSED_VARIABLE = YES;
				IPHONEOS_DEPLOYMENT_TARGET = 13.2;
				MTL_ENABLE_DEBUG_INFO = INCLUDE_SOURCE;
				MTL_FAST_MATH = YES;
				ONLY_ACTIVE_ARCH = YES;
				SDKROOT = iphoneos;
				SWIFT_ACTIVE_COMPILATION_CONDITIONS = DEBUG;
				SWIFT_OPTIMIZATION_LEVEL = "-Onone";
			};
			name = Debug;
		};
		529B38EC261F8BD500266A6D /* Release */ = {
			isa = XCBuildConfiguration;
			buildSettings = {
				ALWAYS_SEARCH_USER_PATHS = NO;
				CLANG_ANALYZER_NONNULL = YES;
				CLANG_ANALYZER_NUMBER_OBJECT_CONVERSION = YES_AGGRESSIVE;
				CLANG_CXX_LANGUAGE_STANDARD = "gnu++14";
				CLANG_CXX_LIBRARY = "libc++";
				CLANG_ENABLE_MODULES = YES;
				CLANG_ENABLE_OBJC_ARC = YES;
				CLANG_ENABLE_OBJC_WEAK = YES;
				CLANG_WARN_BLOCK_CAPTURE_AUTORELEASING = YES;
				CLANG_WARN_BOOL_CONVERSION = YES;
				CLANG_WARN_COMMA = YES;
				CLANG_WARN_CONSTANT_CONVERSION = YES;
				CLANG_WARN_DEPRECATED_OBJC_IMPLEMENTATIONS = YES;
				CLANG_WARN_DIRECT_OBJC_ISA_USAGE = YES_ERROR;
				CLANG_WARN_DOCUMENTATION_COMMENTS = YES;
				CLANG_WARN_EMPTY_BODY = YES;
				CLANG_WARN_ENUM_CONVERSION = YES;
				CLANG_WARN_INFINITE_RECURSION = YES;
				CLANG_WARN_INT_CONVERSION = YES;
				CLANG_WARN_NON_LITERAL_NULL_CONVERSION = YES;
				CLANG_WARN_OBJC_IMPLICIT_RETAIN_SELF = YES;
				CLANG_WARN_OBJC_LITERAL_CONVERSION = YES;
				CLANG_WARN_OBJC_ROOT_CLASS = YES_ERROR;
				CLANG_WARN_RANGE_LOOP_ANALYSIS = YES;
				CLANG_WARN_STRICT_PROTOTYPES = YES;
				CLANG_WARN_SUSPICIOUS_MOVE = YES;
				CLANG_WARN_UNGUARDED_AVAILABILITY = YES_AGGRESSIVE;
				CLANG_WARN_UNREACHABLE_CODE = YES;
				CLANG_WARN__DUPLICATE_METHOD_MATCH = YES;
				COPY_PHASE_STRIP = NO;
				DEBUG_INFORMATION_FORMAT = "dwarf-with-dsym";
				ENABLE_NS_ASSERTIONS = NO;
				ENABLE_STRICT_OBJC_MSGSEND = YES;
				GCC_C_LANGUAGE_STANDARD = gnu11;
				GCC_NO_COMMON_BLOCKS = YES;
				GCC_WARN_64_TO_32_BIT_CONVERSION = YES;
				GCC_WARN_ABOUT_RETURN_TYPE = YES_ERROR;
				GCC_WARN_UNDECLARED_SELECTOR = YES;
				GCC_WARN_UNINITIALIZED_AUTOS = YES_AGGRESSIVE;
				GCC_WARN_UNUSED_FUNCTION = YES;
				GCC_WARN_UNUSED_VARIABLE = YES;
				IPHONEOS_DEPLOYMENT_TARGET = 13.2;
				MTL_ENABLE_DEBUG_INFO = NO;
				MTL_FAST_MATH = YES;
				SDKROOT = iphoneos;
				SWIFT_COMPILATION_MODE = wholemodule;
				SWIFT_OPTIMIZATION_LEVEL = "-O";
				VALIDATE_PRODUCT = YES;
			};
			name = Release;
		};
		529B38EE261F8BD500266A6D /* Debug */ = {
			isa = XCBuildConfiguration;
			baseConfigurationReference = AA1AE89B6D99BBBE3F0EBA84 /* Pods-QuizApp.debug.xcconfig */;
			buildSettings = {
				ASSETCATALOG_COMPILER_APPICON_NAME = AppIcon;
				CODE_SIGN_STYLE = Automatic;
				INFOPLIST_FILE = QuizApp/Info.plist;
				LD_RUNPATH_SEARCH_PATHS = (
					"$(inherited)",
					"@executable_path/Frameworks",
				);
				PRODUCT_BUNDLE_IDENTIFIER = hr.fer.opacic.marko.QuizApp;
				PRODUCT_NAME = "$(TARGET_NAME)";
				SWIFT_VERSION = 5.0;
				TARGETED_DEVICE_FAMILY = "1,2";
			};
			name = Debug;
		};
		529B38EF261F8BD500266A6D /* Release */ = {
			isa = XCBuildConfiguration;
			baseConfigurationReference = 0A4B0852BD2CF10256AFCD38 /* Pods-QuizApp.release.xcconfig */;
			buildSettings = {
				ASSETCATALOG_COMPILER_APPICON_NAME = AppIcon;
				CODE_SIGN_STYLE = Automatic;
				INFOPLIST_FILE = QuizApp/Info.plist;
				LD_RUNPATH_SEARCH_PATHS = (
					"$(inherited)",
					"@executable_path/Frameworks",
				);
				PRODUCT_BUNDLE_IDENTIFIER = hr.fer.opacic.marko.QuizApp;
				PRODUCT_NAME = "$(TARGET_NAME)";
				SWIFT_VERSION = 5.0;
				TARGETED_DEVICE_FAMILY = "1,2";
			};
			name = Release;
		};
/* End XCBuildConfiguration section */

/* Begin XCConfigurationList section */
		529B38D4261F8BCA00266A6D /* Build configuration list for PBXProject "QuizApp" */ = {
			isa = XCConfigurationList;
			buildConfigurations = (
				529B38EB261F8BD500266A6D /* Debug */,
				529B38EC261F8BD500266A6D /* Release */,
			);
			defaultConfigurationIsVisible = 0;
			defaultConfigurationName = Release;
		};
		529B38ED261F8BD500266A6D /* Build configuration list for PBXNativeTarget "QuizApp" */ = {
			isa = XCConfigurationList;
			buildConfigurations = (
				529B38EE261F8BD500266A6D /* Debug */,
				529B38EF261F8BD500266A6D /* Release */,
			);
			defaultConfigurationIsVisible = 0;
			defaultConfigurationName = Release;
		};
/* End XCConfigurationList section */
	};
	rootObject = 529B38D1261F8BCA00266A6D /* Project object */;
}
